
Microsoft Visual Studio Solution File, Format Version 12.00
# Visual Studio Version 16
VisualStudioVersion = 16.0.31624.102
MinimumVisualStudioVersion = 10.0.40219.1
Project("{FAE04EC0-301F-11D3-BF4B-00C04F79EFBC}") = "PaymentAPI", "PaymentAPI\PaymentAPI.csproj", "{D039F0FA-32EE-44B0-8D67-379F2EDE79FD}"
EndProject
Global
	GlobalSection(SolutionConfigurationPlatforms) = preSolution
		Debug|Any CPU = Debug|Any CPU
		Release|Any CPU = Release|Any CPU
	EndGlobalSection
	GlobalSection(ProjectConfigurationPlatforms) = postSolution
		{D039F0FA-32EE-44B0-8D67-379F2EDE79FD}.Debug|Any CPU.ActiveCfg = Debug|Any CPU
		{D039F0FA-32EE-44B0-8D67-379F2EDE79FD}.Debug|Any CPU.Build.0 = Debug|Any CPU
		{D039F0FA-32EE-44B0-8D67-379F2EDE79FD}.Release|Any CPU.ActiveCfg = Release|Any CPU
		{D039F0FA-32EE-44B0-8D67-379F2EDE79FD}.Release|Any CPU.Build.0 = Release|Any CPU
	EndGlobalSection
	GlobalSection(SolutionProperties) = preSolution
		HideSolutionNode = FALSE
	EndGlobalSection
	GlobalSection(ExtensibilityGlobals) = postSolution
		SolutionGuid = {583590A6-D653-4D3C-9F7C-F32529F212FB}
	EndGlobalSection
EndGlobal
